Microsoft Visual Studio Solution File, Format Version 12.00
# Visual Studio Version 17
VisualStudioVersion = 17.5.2.0
MinimumVisualStudioVersion = 10.0.40219.1
Project("{2150E333-8FDC-42A3-9474-1A3956D46DE8}") = "src", "src", "{827E0CD3-B72D-47B6-A68D-7590B98EB39B}"
EndProject
Project("{2150E333-8FDC-42A3-9474-1A3956D46DE8}") = "webapi", "webapi", "{953D89DF-FDD2-4C1A-6A43-6326114B13B5}"
EndProject
Project("{2150E333-8FDC-42A3-9474-1A3956D46DE8}") = "cnt_gm_webapi", "cnt_gm_webapi", "{E5590795-BD6A-958E-165F-F1CD184694BF}"
EndProject
Project("{2150E333-8FDC-42A3-9474-1A3956D46DE8}") = "6 WebApp", "6 WebApp", "{2B2ECD44-B560-8E4E-9E00-7B0D79200EAA}"
EndProject
Project("{FAE04EC0-301F-11D3-BF4B-00C04F79EFBC}") = "GM.WebApi", "src\webapi\cnt_gm_webapi\6 WebApp\GM.WebApi.csproj", "{D97D3C4D-FC8C-E62F-CF5B-4333FA76A535}"
EndProject
Global
	GlobalSection(SolutionConfigurationPlatforms) = preSolution
		Debug|Any CPU = Debug|Any CPU
		Release|Any CPU = Release|Any CPU
	EndGlobalSection
	GlobalSection(ProjectConfigurationPlatforms) = postSolution
		{D97D3C4D-FC8C-E62F-CF5B-4333FA76A535}.Debug|Any CPU.ActiveCfg = Debug|Any CPU
		{D97D3C4D-FC8C-E62F-CF5B-4333FA76A535}.Debug|Any CPU.Build.0 = Debug|Any CPU
		{D97D3C4D-FC8C-E62F-CF5B-4333FA76A535}.Release|Any CPU.ActiveCfg = Release|Any CPU
		{D97D3C4D-FC8C-E62F-CF5B-4333FA76A535}.Release|Any CPU.Build.0 = Release|Any CPU
	EndGlobalSection
	GlobalSection(SolutionProperties) = preSolution
		HideSolutionNode = FALSE
	EndGlobalSection
	GlobalSection(NestedProjects) = preSolution
		{953D89DF-FDD2-4C1A-6A43-6326114B13B5} = {827E0CD3-B72D-47B6-A68D-7590B98EB39B}
		{E5590795-BD6A-958E-165F-F1CD184694BF} = {953D89DF-FDD2-4C1A-6A43-6326114B13B5}
		{2B2ECD44-B560-8E4E-9E00-7B0D79200EAA} = {E5590795-BD6A-958E-165F-F1CD184694BF}
		{D97D3C4D-FC8C-E62F-CF5B-4333FA76A535} = {2B2ECD44-B560-8E4E-9E00-7B0D79200EAA}
	EndGlobalSection
	GlobalSection(ExtensibilityGlobals) = postSolution
		SolutionGuid = {318DAFFF-5042-45EB-A747-E2DC42103C78}
	EndGlobalSection
EndGlobal
